
Microsoft Visual Studio Solution File, Format Version 12.00
# Visual Studio Version 16
VisualStudioVersion = 16.0.29306.81
MinimumVisualStudioVersion = 10.0.40219.1
Project("{9A19103F-16F7-4668-BE54-9A1E7A4F7556}") = "L1-Ex1", "Test\L1-Ex1.csproj", "{7179B4BD-12E9-43B3-A5FD-C4C8F4724C13}"
EndProject
Project("{FAE04EC0-301F-11D3-BF4B-00C04F79EFBC}") = "L1-Ex2", "Exercise2\L1-Ex2.csproj", "{F9D1ACB3-0B55-42C7-9996-C5BAA2D32912}"
EndProject
Project("{FAE04EC0-301F-11D3-BF4B-00C04F79EFBC}") = "L1-Ex3", "L1-Ex3\L1-Ex3.csproj", "{430F67DE-D730-4DC9-B803-B5B53FCFF791}"
EndProject
Project("{FAE04EC0-301F-11D3-BF4B-00C04F79EFBC}") = "L1-Ex4-Portfolio1", "L1-Ex4-Portfolio1\L1-Ex4-Portfolio1.csproj", "{07E0CF6B-7DD4-4840-9B3F-ACC47FB8C7F4}"
EndProject
Project("{FAE04EC0-301F-11D3-BF4B-00C04F79EFBC}") = "L1-Ex5", "L1-Ex5\L1-Ex5.csproj", "{C8D50738-9AC4-45B5-A59F-D4C565CD0E36}"
EndProject
Project("{FAE04EC0-301F-11D3-BF4B-00C04F79EFBC}") = "L1-Ex6", "L1-Ex6\L1-Ex6.csproj", "{8E7E728C-3E7E-43FF-9387-FBB3D4DF66DA}"
EndProject
Project("{FAE04EC0-301F-11D3-BF4B-00C04F79EFBC}") = "L1-Ex7", "L1-Ex7\L1-Ex7.csproj", "{E1E47C22-2BDA-4F6E-A806-F3463E8A8292}"
EndProject
Project("{FAE04EC0-301F-11D3-BF4B-00C04F79EFBC}") = "L2-Ex1", "L2-Ex1\L2-Ex1.csproj", "{7FF236F0-0178-4E76-A9CD-3FAAF013C75F}"
EndProject
Project("{FAE04EC0-301F-11D3-BF4B-00C04F79EFBC}") = "L3-EX2", "L3-EX2\L3-EX2.csproj", "{77B5E567-70F0-4C93-9A92-13538BAEB307}"
EndProject
Project("{FAE04EC0-301F-11D3-BF4B-00C04F79EFBC}") = "L3-Ex3", "L3-Ex3\L3-Ex3.csproj", "{4F7052D8-8ED4-4016-B01F-36DDFE349F8F}"
EndProject
Project("{FAE04EC0-301F-11D3-BF4B-00C04F79EFBC}") = "L3-Ex5", "L3-Ex5\L3-Ex5.csproj", "{B93E2826-CB6C-488A-AFF9-8D1BCAC4C7BF}"
EndProject
Project("{FAE04EC0-301F-11D3-BF4B-00C04F79EFBC}") = "L4-Ex1", "L4-Ex1\L4-Ex1.csproj", "{1A817A56-1A9D-4FF1-96FF-03B5834EBC18}"
EndProject
Project("{FAE04EC0-301F-11D3-BF4B-00C04F79EFBC}") = "L5-Ex1", "L5-Ex1\L5-Ex1.csproj", "{629F1C8D-19D9-44AB-9ECE-5DFF1AC2B3C9}"
EndProject
Project("{FAE04EC0-301F-11D3-BF4B-00C04F79EFBC}") = "TestingArea", "TestingArea\TestingArea.csproj", "{0B3B40AF-3FEF-44B3-8B42-7C3584DB5993}"
EndProject
Project("{FAE04EC0-301F-11D3-BF4B-00C04F79EFBC}") = "L6-Ex1", "L6-Ex1\L6-Ex1.csproj", "{371B073A-D719-4D4D-B2F4-19E8BF49CDE6}"
EndProject
Project("{FAE04EC0-301F-11D3-BF4B-00C04F79EFBC}") = "L6-Ex2", "L6-Ex2\L6-Ex2.csproj", "{15E1640F-8F1F-46D8-B3D5-B53FC85DB046}"
EndProject
Project("{FAE04EC0-301F-11D3-BF4B-00C04F79EFBC}") = "L6-Ex3", "L6-Ex3\L6-Ex3.csproj", "{10E7DB54-8EC1-466A-82FB-EABB71EE014A}"
EndProject
Global
	GlobalSection(SolutionConfigurationPlatforms) = preSolution
		Debug|Any CPU = Debug|Any CPU
		Release|Any CPU = Release|Any CPU
	EndGlobalSection
	GlobalSection(ProjectConfigurationPlatforms) = postSolution
		{7179B4BD-12E9-43B3-A5FD-C4C8F4724C13}.Debug|Any CPU.ActiveCfg = Debug|Any CPU
		{7179B4BD-12E9-43B3-A5FD-C4C8F4724C13}.Debug|Any CPU.Build.0 = Debug|Any CPU
		{7179B4BD-12E9-43B3-A5FD-C4C8F4724C13}.Release|Any CPU.ActiveCfg = Release|Any CPU
		{7179B4BD-12E9-43B3-A5FD-C4C8F4724C13}.Release|Any CPU.Build.0 = Release|Any CPU
		{F9D1ACB3-0B55-42C7-9996-C5BAA2D32912}.Debug|Any CPU.ActiveCfg = Debug|Any CPU
		{F9D1ACB3-0B55-42C7-9996-C5BAA2D32912}.Debug|Any CPU.Build.0 = Debug|Any CPU
		{F9D1ACB3-0B55-42C7-9996-C5BAA2D32912}.Release|Any CPU.ActiveCfg = Release|Any CPU
		{F9D1ACB3-0B55-42C7-9996-C5BAA2D32912}.Release|Any CPU.Build.0 = Release|Any CPU
		{430F67DE-D730-4DC9-B803-B5B53FCFF791}.Debug|Any CPU.ActiveCfg = Debug|Any CPU
		{430F67DE-D730-4DC9-B803-B5B53FCFF791}.Debug|Any CPU.Build.0 = Debug|Any CPU
		{430F67DE-D730-4DC9-B803-B5B53FCFF791}.Release|Any CPU.ActiveCfg = Release|Any CPU
		{430F67DE-D730-4DC9-B803-B5B53FCFF791}.Release|Any CPU.Build.0 = Release|Any CPU
		{07E0CF6B-7DD4-4840-9B3F-ACC47FB8C7F4}.Debug|Any CPU.ActiveCfg = Debug|Any CPU
		{07E0CF6B-7DD4-4840-9B3F-ACC47FB8C7F4}.Debug|Any CPU.Build.0 = Debug|Any CPU
		{07E0CF6B-7DD4-4840-9B3F-ACC47FB8C7F4}.Release|Any CPU.ActiveCfg = Release|Any CPU
		{07E0CF6B-7DD4-4840-9B3F-ACC47FB8C7F4}.Release|Any CPU.Build.0 = Release|Any CPU
		{C8D50738-9AC4-45B5-A59F-D4C565CD0E36}.Debug|Any CPU.ActiveCfg = Debug|Any CPU
		{C8D50738-9AC4-45B5-A59F-D4C565CD0E36}.Debug|Any CPU.Build.0 = Debug|Any CPU
		{C8D50738-9AC4-45B5-A59F-D4C565CD0E36}.Release|Any CPU.ActiveCfg = Release|Any CPU
		{C8D50738-9AC4-45B5-A59F-D4C565CD0E36}.Release|Any CPU.Build.0 = Release|Any CPU
		{8E7E728C-3E7E-43FF-9387-FBB3D4DF66DA}.Debug|Any CPU.ActiveCfg = Debug|Any CPU
		{8E7E728C-3E7E-43FF-9387-FBB3D4DF66DA}.Debug|Any CPU.Build.0 = Debug|Any CPU
		{8E7E728C-3E7E-43FF-9387-FBB3D4DF66DA}.Release|Any CPU.ActiveCfg = Release|Any CPU
		{8E7E728C-3E7E-43FF-9387-FBB3D4DF66DA}.Release|Any CPU.Build.0 = Release|Any CPU
		{E1E47C22-2BDA-4F6E-A806-F3463E8A8292}.Debug|Any CPU.ActiveCfg = Debug|Any CPU
		{E1E47C22-2BDA-4F6E-A806-F3463E8A8292}.Debug|Any CPU.Build.0 = Debug|Any CPU
		{E1E47C22-2BDA-4F6E-A806-F3463E8A8292}.Release|Any CPU.ActiveCfg = Release|Any CPU
		{E1E47C22-2BDA-4F6E-A806-F3463E8A8292}.Release|Any CPU.Build.0 = Release|Any CPU
		{7FF236F0-0178-4E76-A9CD-3FAAF013C75F}.Debug|Any CPU.ActiveCfg = Debug|Any CPU
		{7FF236F0-0178-4E76-A9CD-3FAAF013C75F}.Debug|Any CPU.Build.0 = Debug|Any CPU
		{7FF236F0-0178-4E76-A9CD-3FAAF013C75F}.Release|Any CPU.ActiveCfg = Release|Any CPU
		{7FF236F0-0178-4E76-A9CD-3FAAF013C75F}.Release|Any CPU.Build.0 = Release|Any CPU
		{77B5E567-70F0-4C93-9A92-13538BAEB307}.Debug|Any CPU.ActiveCfg = Debug|Any CPU
		{77B5E567-70F0-4C93-9A92-13538BAEB307}.Debug|Any CPU.Build.0 = Debug|Any CPU
		{77B5E567-70F0-4C93-9A92-13538BAEB307}.Release|Any CPU.ActiveCfg = Release|Any CPU
		{77B5E567-70F0-4C93-9A92-13538BAEB307}.Release|Any CPU.Build.0 = Release|Any CPU
		{4F7052D8-8ED4-4016-B01F-36DDFE349F8F}.Debug|Any CPU.ActiveCfg = Debug|Any CPU
		{4F7052D8-8ED4-4016-B01F-36DDFE349F8F}.Debug|Any CPU.Build.0 = Debug|Any CPU
		{4F7052D8-8ED4-4016-B01F-36DDFE349F8F}.Release|Any CPU.ActiveCfg = Release|Any CPU
		{4F7052D8-8ED4-4016-B01F-36DDFE349F8F}.Release|Any CPU.Build.0 = Release|Any CPU
		{B93E2826-CB6C-488A-AFF9-8D1BCAC4C7BF}.Debug|Any CPU.ActiveCfg = Debug|Any CPU
		{B93E2826-CB6C-488A-AFF9-8D1BCAC4C7BF}.Debug|Any CPU.Build.0 = Debug|Any CPU
		{B93E2826-CB6C-488A-AFF9-8D1BCAC4C7BF}.Release|Any CPU.ActiveCfg = Release|Any CPU
		{B93E2826-CB6C-488A-AFF9-8D1BCAC4C7BF}.Release|Any CPU.Build.0 = Release|Any CPU
		{1A817A56-1A9D-4FF1-96FF-03B5834EBC18}.Debug|Any CPU.ActiveCfg = Debug|Any CPU
		{1A817A56-1A9D-4FF1-96FF-03B5834EBC18}.Debug|Any CPU.Build.0 = Debug|Any CPU
		{1A817A56-1A9D-4FF1-96FF-03B5834EBC18}.Release|Any CPU.ActiveCfg = Release|Any CPU
		{1A817A56-1A9D-4FF1-96FF-03B5834EBC18}.Release|Any CPU.Build.0 = Release|Any CPU
		{629F1C8D-19D9-44AB-9ECE-5DFF1AC2B3C9}.Debug|Any CPU.ActiveCfg = Debug|Any CPU
		{629F1C8D-19D9-44AB-9ECE-5DFF1AC2B3C9}.Debug|Any CPU.Build.0 = Debug|Any CPU
		{629F1C8D-19D9-44AB-9ECE-5DFF1AC2B3C9}.Release|Any CPU.ActiveCfg = Release|Any CPU
		{629F1C8D-19D9-44AB-9ECE-5DFF1AC2B3C9}.Release|Any CPU.Build.0 = Release|Any CPU
		{0B3B40AF-3FEF-44B3-8B42-7C3584DB5993}.Debug|Any CPU.ActiveCfg = Debug|Any CPU
		{0B3B40AF-3FEF-44B3-8B42-7C3584DB5993}.Debug|Any CPU.Build.0 = Debug|Any CPU
		{0B3B40AF-3FEF-44B3-8B42-7C3584DB5993}.Release|Any CPU.ActiveCfg = Release|Any CPU
		{0B3B40AF-3FEF-44B3-8B42-7C3584DB5993}.Release|Any CPU.Build.0 = Release|Any CPU
		{371B073A-D719-4D4D-B2F4-19E8BF49CDE6}.Debug|Any CPU.ActiveCfg = Debug|Any CPU
		{371B073A-D719-4D4D-B2F4-19E8BF49CDE6}.Debug|Any CPU.Build.0 = Debug|Any CPU
		{371B073A-D719-4D4D-B2F4-19E8BF49CDE6}.Release|Any CPU.ActiveCfg = Release|Any CPU
		{371B073A-D719-4D4D-B2F4-19E8BF49CDE6}.Release|Any CPU.Build.0 = Release|Any CPU
		{15E1640F-8F1F-46D8-B3D5-B53FC85DB046}.Debug|Any CPU.ActiveCfg = Debug|Any CPU
		{15E1640F-8F1F-46D8-B3D5-B53FC85DB046}.Debug|Any CPU.Build.0 = Debug|Any CPU
		{15E1640F-8F1F-46D8-B3D5-B53FC85DB046}.Release|Any CPU.ActiveCfg = Release|Any CPU
		{15E1640F-8F1F-46D8-B3D5-B53FC85DB046}.Release|Any CPU.Build.0 = Release|Any CPU
		{10E7DB54-8EC1-466A-82FB-EABB71EE014A}.Debug|Any CPU.ActiveCfg = Debug|Any CPU
		{10E7DB54-8EC1-466A-82FB-EABB71EE014A}.Debug|Any CPU.Build.0 = Debug|Any CPU
		{10E7DB54-8EC1-466A-82FB-EABB71EE014A}.Release|Any CPU.ActiveCfg = Release|Any CPU
		{10E7DB54-8EC1-466A-82FB-EABB71EE014A}.Release|Any CPU.Build.0 = Release|Any CPU
	EndGlobalSection
	GlobalSection(SolutionProperties) = preSolution
		HideSolutionNode = FALSE
	EndGlobalSection
	GlobalSection(ExtensibilityGlobals) = postSolution
		SolutionGuid = {08321FC6-E8D8-466A-BA13-BA9D877187D2}
	EndGlobalSection
EndGlobal
